
Microsoft Visual Studio Solution File, Format Version 12.00
# Visual Studio 15
VisualStudioVersion = 15.0.26124.0
MinimumVisualStudioVersion = 15.0.26124.0
Project("{2150E333-8FDC-42A3-9474-1A3956D46DE8}") = "src", "src", "{33B5892E-A9AB-4F48-9531-74C2E1741D4D}"
EndProject
Project("{FAE04EC0-301F-11D3-BF4B-00C04F79EFBC}") = "PowerShellFilesystemProviderBase", "src\PowerShellFilesystemProviderBase\PowerShellFilesystemProviderBase.csproj", "{C3C89AA4-F1F7-4260-813F-18B0F2983832}"
EndProject
Project("{2150E333-8FDC-42A3-9474-1A3956D46DE8}") = "test", "test", "{F7CE7D56-263A-40FA-918C-CC28E9BC64E7}"
EndProject
Project("{FAE04EC0-301F-11D3-BF4B-00C04F79EFBC}") = "PowerShellFilesystemProviderBase.Test", "test\PowerShellFilesystemProviderBase.Test\PowerShellFilesystemProviderBase.Test.csproj", "{75C0AB96-F95F-4553-AB75-24E3A96AA979}"
EndProject
Global
	GlobalSection(SolutionConfigurationPlatforms) = preSolution
		Debug|Any CPU = Debug|Any CPU
		Debug|x64 = Debug|x64
		Debug|x86 = Debug|x86
		Release|Any CPU = Release|Any CPU
		Release|x64 = Release|x64
		Release|x86 = Release|x86
	EndGlobalSection
	GlobalSection(SolutionProperties) = preSolution
		HideSolutionNode = FALSE
	EndGlobalSection
	GlobalSection(ProjectConfigurationPlatforms) = postSolution
		{C3C89AA4-F1F7-4260-813F-18B0F2983832}.Debug|Any CPU.ActiveCfg = Debug|Any CPU
		{C3C89AA4-F1F7-4260-813F-18B0F2983832}.Debug|Any CPU.Build.0 = Debug|Any CPU
		{C3C89AA4-F1F7-4260-813F-18B0F2983832}.Debug|x64.ActiveCfg = Debug|Any CPU
		{C3C89AA4-F1F7-4260-813F-18B0F2983832}.Debug|x64.Build.0 = Debug|Any CPU
		{C3C89AA4-F1F7-4260-813F-18B0F2983832}.Debug|x86.ActiveCfg = Debug|Any CPU
		{C3C89AA4-F1F7-4260-813F-18B0F2983832}.Debug|x86.Build.0 = Debug|Any CPU
		{C3C89AA4-F1F7-4260-813F-18B0F2983832}.Release|Any CPU.ActiveCfg = Release|Any CPU
		{C3C89AA4-F1F7-4260-813F-18B0F2983832}.Release|Any CPU.Build.0 = Release|Any CPU
		{C3C89AA4-F1F7-4260-813F-18B0F2983832}.Release|x64.ActiveCfg = Release|Any CPU
		{C3C89AA4-F1F7-4260-813F-18B0F2983832}.Release|x64.Build.0 = Release|Any CPU
		{C3C89AA4-F1F7-4260-813F-18B0F2983832}.Release|x86.ActiveCfg = Release|Any CPU
		{C3C89AA4-F1F7-4260-813F-18B0F2983832}.Release|x86.Build.0 = Release|Any CPU
		{75C0AB96-F95F-4553-AB75-24E3A96AA979}.Debug|Any CPU.ActiveCfg = Debug|Any CPU
		{75C0AB96-F95F-4553-AB75-24E3A96AA979}.Debug|Any CPU.Build.0 = Debug|Any CPU
		{75C0AB96-F95F-4553-AB75-24E3A96AA979}.Debug|x64.ActiveCfg = Debug|Any CPU
		{75C0AB96-F95F-4553-AB75-24E3A96AA979}.Debug|x64.Build.0 = Debug|Any CPU
		{75C0AB96-F95F-4553-AB75-24E3A96AA979}.Debug|x86.ActiveCfg = Debug|Any CPU
		{75C0AB96-F95F-4553-AB75-24E3A96AA979}.Debug|x86.Build.0 = Debug|Any CPU
		{75C0AB96-F95F-4553-AB75-24E3A96AA979}.Release|Any CPU.ActiveCfg = Release|Any CPU
		{75C0AB96-F95F-4553-AB75-24E3A96AA979}.Release|Any CPU.Build.0 = Release|Any CPU
		{75C0AB96-F95F-4553-AB75-24E3A96AA979}.Release|x64.ActiveCfg = Release|Any CPU
		{75C0AB96-F95F-4553-AB75-24E3A96AA979}.Release|x64.Build.0 = Release|Any CPU
		{75C0AB96-F95F-4553-AB75-24E3A96AA979}.Release|x86.ActiveCfg = Release|Any CPU
		{75C0AB96-F95F-4553-AB75-24E3A96AA979}.Release|x86.Build.0 = Release|Any CPU
	EndGlobalSection
	GlobalSection(NestedProjects) = preSolution
		{C3C89AA4-F1F7-4260-813F-18B0F2983832} = {33B5892E-A9AB-4F48-9531-74C2E1741D4D}
		{75C0AB96-F95F-4553-AB75-24E3A96AA979} = {F7CE7D56-263A-40FA-918C-CC28E9BC64E7}
	EndGlobalSection
EndGlobal
