
Microsoft Visual Studio Solution File, Format Version 12.00
# Visual Studio Version 17
VisualStudioVersion = 17.0.31912.275
MinimumVisualStudioVersion = 15.0.26124.0
Project("{2150E333-8FDC-42A3-9474-1A3956D46DE8}") = "src", "src", "{33B5892E-A9AB-4F48-9531-74C2E1741D4D}"
EndProject
Project("{2150E333-8FDC-42A3-9474-1A3956D46DE8}") = "test", "test", "{F7CE7D56-263A-40FA-918C-CC28E9BC64E7}"
EndProject
Project("{9A19103F-16F7-4668-BE54-9A1E7A4F7556}") = "Microsoft.PowerShell.SDK", "submodules\PowerShell\src\Microsoft.PowerShell.SDK\Microsoft.PowerShell.SDK.csproj", "{027758B0-D393-4309-822B-B0CF8ADC2AFC}"
EndProject
Project("{2150E333-8FDC-42A3-9474-1A3956D46DE8}") = "Powershell", "Powershell", "{2641BADD-98C1-4CFD-A0F4-56D0C2AD74D0}"
EndProject
Project("{9A19103F-16F7-4668-BE54-9A1E7A4F7556}") = "Microsoft.PowerShell.Commands.Management", "submodules\PowerShell\src\Microsoft.PowerShell.Commands.Management\Microsoft.PowerShell.Commands.Management.csproj", "{3309849A-A09C-4105-BB4A-1FB5A21EEFF9}"
EndProject
Project("{9A19103F-16F7-4668-BE54-9A1E7A4F7556}") = "Microsoft.PowerShell.Commands.Utility", "submodules\PowerShell\src\Microsoft.PowerShell.Commands.Utility\Microsoft.PowerShell.Commands.Utility.csproj", "{650E6AB3-72B6-4A43-B2EE-7D9DA6951329}"
EndProject
Project("{9A19103F-16F7-4668-BE54-9A1E7A4F7556}") = "Microsoft.PowerShell.ConsoleHost", "submodules\PowerShell\src\Microsoft.PowerShell.ConsoleHost\Microsoft.PowerShell.ConsoleHost.csproj", "{A43A0C60-3665-4376-92B9-5FFF4A80911A}"
EndProject
Project("{9A19103F-16F7-4668-BE54-9A1E7A4F7556}") = "Microsoft.PowerShell.Security", "submodules\PowerShell\src\Microsoft.PowerShell.Security\Microsoft.PowerShell.Security.csproj", "{2C0CF394-63F1-4032-8791-08A7E43B222D}"
EndProject
Project("{9A19103F-16F7-4668-BE54-9A1E7A4F7556}") = "System.Management.Automation", "submodules\PowerShell\src\System.Management.Automation\System.Management.Automation.csproj", "{A482F40B-B74D-4FE0-9808-39BFECEEC692}"
EndProject
Project("{9A19103F-16F7-4668-BE54-9A1E7A4F7556}") = "Microsoft.PowerShell.CoreCLR.Eventing", "submodules\PowerShell\src\Microsoft.PowerShell.CoreCLR.Eventing\Microsoft.PowerShell.CoreCLR.Eventing.csproj", "{A98E503A-0FA5-45AE-A1E3-141615AD27F9}"
EndProject
Project("{9A19103F-16F7-4668-BE54-9A1E7A4F7556}") = "Microsoft.PowerShell.Commands.Diagnostics", "submodules\PowerShell\src\Microsoft.PowerShell.Commands.Diagnostics\Microsoft.PowerShell.Commands.Diagnostics.csproj", "{8EE5A0DE-D68A-45F6-A191-10E950212229}"
EndProject
Project("{9A19103F-16F7-4668-BE54-9A1E7A4F7556}") = "Microsoft.WSMan.Management", "submodules\PowerShell\src\Microsoft.WSMan.Management\Microsoft.WSMan.Management.csproj", "{A860EF8B-0E39-4519-BCE4-CC7B23A87AC0}"
EndProject
Project("{9A19103F-16F7-4668-BE54-9A1E7A4F7556}") = "TreeStore.DictionaryFS.Test", "test\TreeStore.DictionaryFS.Test\TreeStore.DictionaryFS.Test.csproj", "{286B7DAE-EE39-4316-AF43-28FB9FAB7474}"
EndProject
Project("{9A19103F-16F7-4668-BE54-9A1E7A4F7556}") = "TreeStore.DictionaryFS", "src\TreeStore.DictionaryFS\TreeStore.DictionaryFS.csproj", "{749A5296-FC51-45BD-8729-5FA3C3D48D1A}"
EndProject
Project("{9A19103F-16F7-4668-BE54-9A1E7A4F7556}") = "TestFileSystem", "src\TestFileSystem\TestFileSystem.csproj", "{FBFA2600-97A0-43E8-9579-FCD9C72431D9}"
EndProject
Project("{9A19103F-16F7-4668-BE54-9A1E7A4F7556}") = "TreeStore.Core", "src\TreeStore.Core\TreeStore.Core.csproj", "{518BF09A-6CF5-44DE-B077-D4A55E08B500}"
EndProject
Project("{9A19103F-16F7-4668-BE54-9A1E7A4F7556}") = "TreeStore.Core.Test", "test\TreeStore.Core.Test\TreeStore.Core.Test.csproj", "{239A50DD-F3FC-4A8F-9E1D-7B7DFAAF654D}"
EndProject
Global
	GlobalSection(SolutionConfigurationPlatforms) = preSolution
		Debug|Any CPU = Debug|Any CPU
		Debug|x64 = Debug|x64
		Debug|x86 = Debug|x86
		Release|Any CPU = Release|Any CPU
		Release|x64 = Release|x64
		Release|x86 = Release|x86
	EndGlobalSection
	GlobalSection(ProjectConfigurationPlatforms) = postSolution
		{027758B0-D393-4309-822B-B0CF8ADC2AFC}.Debug|Any CPU.ActiveCfg = Debug|Any CPU
		{027758B0-D393-4309-822B-B0CF8ADC2AFC}.Debug|Any CPU.Build.0 = Debug|Any CPU
		{027758B0-D393-4309-822B-B0CF8ADC2AFC}.Debug|x64.ActiveCfg = Debug|Any CPU
		{027758B0-D393-4309-822B-B0CF8ADC2AFC}.Debug|x64.Build.0 = Debug|Any CPU
		{027758B0-D393-4309-822B-B0CF8ADC2AFC}.Debug|x86.ActiveCfg = Debug|Any CPU
		{027758B0-D393-4309-822B-B0CF8ADC2AFC}.Debug|x86.Build.0 = Debug|Any CPU
		{027758B0-D393-4309-822B-B0CF8ADC2AFC}.Release|Any CPU.ActiveCfg = Release|Any CPU
		{027758B0-D393-4309-822B-B0CF8ADC2AFC}.Release|Any CPU.Build.0 = Release|Any CPU
		{027758B0-D393-4309-822B-B0CF8ADC2AFC}.Release|x64.ActiveCfg = Release|Any CPU
		{027758B0-D393-4309-822B-B0CF8ADC2AFC}.Release|x64.Build.0 = Release|Any CPU
		{027758B0-D393-4309-822B-B0CF8ADC2AFC}.Release|x86.ActiveCfg = Release|Any CPU
		{027758B0-D393-4309-822B-B0CF8ADC2AFC}.Release|x86.Build.0 = Release|Any CPU
		{3309849A-A09C-4105-BB4A-1FB5A21EEFF9}.Debug|Any CPU.ActiveCfg = Debug|Any CPU
		{3309849A-A09C-4105-BB4A-1FB5A21EEFF9}.Debug|Any CPU.Build.0 = Debug|Any CPU
		{3309849A-A09C-4105-BB4A-1FB5A21EEFF9}.Debug|x64.ActiveCfg = Debug|Any CPU
		{3309849A-A09C-4105-BB4A-1FB5A21EEFF9}.Debug|x64.Build.0 = Debug|Any CPU
		{3309849A-A09C-4105-BB4A-1FB5A21EEFF9}.Debug|x86.ActiveCfg = Debug|Any CPU
		{3309849A-A09C-4105-BB4A-1FB5A21EEFF9}.Debug|x86.Build.0 = Debug|Any CPU
		{3309849A-A09C-4105-BB4A-1FB5A21EEFF9}.Release|Any CPU.ActiveCfg = Release|Any CPU
		{3309849A-A09C-4105-BB4A-1FB5A21EEFF9}.Release|Any CPU.Build.0 = Release|Any CPU
		{3309849A-A09C-4105-BB4A-1FB5A21EEFF9}.Release|x64.ActiveCfg = Release|Any CPU
		{3309849A-A09C-4105-BB4A-1FB5A21EEFF9}.Release|x64.Build.0 = Release|Any CPU
		{3309849A-A09C-4105-BB4A-1FB5A21EEFF9}.Release|x86.ActiveCfg = Release|Any CPU
		{3309849A-A09C-4105-BB4A-1FB5A21EEFF9}.Release|x86.Build.0 = Release|Any CPU
		{650E6AB3-72B6-4A43-B2EE-7D9DA6951329}.Debug|Any CPU.ActiveCfg = Debug|Any CPU
		{650E6AB3-72B6-4A43-B2EE-7D9DA6951329}.Debug|Any CPU.Build.0 = Debug|Any CPU
		{650E6AB3-72B6-4A43-B2EE-7D9DA6951329}.Debug|x64.ActiveCfg = Debug|Any CPU
		{650E6AB3-72B6-4A43-B2EE-7D9DA6951329}.Debug|x64.Build.0 = Debug|Any CPU
		{650E6AB3-72B6-4A43-B2EE-7D9DA6951329}.Debug|x86.ActiveCfg = Debug|Any CPU
		{650E6AB3-72B6-4A43-B2EE-7D9DA6951329}.Debug|x86.Build.0 = Debug|Any CPU
		{650E6AB3-72B6-4A43-B2EE-7D9DA6951329}.Release|Any CPU.ActiveCfg = Release|Any CPU
		{650E6AB3-72B6-4A43-B2EE-7D9DA6951329}.Release|Any CPU.Build.0 = Release|Any CPU
		{650E6AB3-72B6-4A43-B2EE-7D9DA6951329}.Release|x64.ActiveCfg = Release|Any CPU
		{650E6AB3-72B6-4A43-B2EE-7D9DA6951329}.Release|x64.Build.0 = Release|Any CPU
		{650E6AB3-72B6-4A43-B2EE-7D9DA6951329}.Release|x86.ActiveCfg = Release|Any CPU
		{650E6AB3-72B6-4A43-B2EE-7D9DA6951329}.Release|x86.Build.0 = Release|Any CPU
		{A43A0C60-3665-4376-92B9-5FFF4A80911A}.Debug|Any CPU.ActiveCfg = Debug|Any CPU
		{A43A0C60-3665-4376-92B9-5FFF4A80911A}.Debug|Any CPU.Build.0 = Debug|Any CPU
		{A43A0C60-3665-4376-92B9-5FFF4A80911A}.Debug|x64.ActiveCfg = Debug|Any CPU
		{A43A0C60-3665-4376-92B9-5FFF4A80911A}.Debug|x64.Build.0 = Debug|Any CPU
		{A43A0C60-3665-4376-92B9-5FFF4A80911A}.Debug|x86.ActiveCfg = Debug|Any CPU
		{A43A0C60-3665-4376-92B9-5FFF4A80911A}.Debug|x86.Build.0 = Debug|Any CPU
		{A43A0C60-3665-4376-92B9-5FFF4A80911A}.Release|Any CPU.ActiveCfg = Release|Any CPU
		{A43A0C60-3665-4376-92B9-5FFF4A80911A}.Release|Any CPU.Build.0 = Release|Any CPU
		{A43A0C60-3665-4376-92B9-5FFF4A80911A}.Release|x64.ActiveCfg = Release|Any CPU
		{A43A0C60-3665-4376-92B9-5FFF4A80911A}.Release|x64.Build.0 = Release|Any CPU
		{A43A0C60-3665-4376-92B9-5FFF4A80911A}.Release|x86.ActiveCfg = Release|Any CPU
		{A43A0C60-3665-4376-92B9-5FFF4A80911A}.Release|x86.Build.0 = Release|Any CPU
		{2C0CF394-63F1-4032-8791-08A7E43B222D}.Debug|Any CPU.ActiveCfg = Debug|Any CPU
		{2C0CF394-63F1-4032-8791-08A7E43B222D}.Debug|Any CPU.Build.0 = Debug|Any CPU
		{2C0CF394-63F1-4032-8791-08A7E43B222D}.Debug|x64.ActiveCfg = Debug|Any CPU
		{2C0CF394-63F1-4032-8791-08A7E43B222D}.Debug|x64.Build.0 = Debug|Any CPU
		{2C0CF394-63F1-4032-8791-08A7E43B222D}.Debug|x86.ActiveCfg = Debug|Any CPU
		{2C0CF394-63F1-4032-8791-08A7E43B222D}.Debug|x86.Build.0 = Debug|Any CPU
		{2C0CF394-63F1-4032-8791-08A7E43B222D}.Release|Any CPU.ActiveCfg = Release|Any CPU
		{2C0CF394-63F1-4032-8791-08A7E43B222D}.Release|Any CPU.Build.0 = Release|Any CPU
		{2C0CF394-63F1-4032-8791-08A7E43B222D}.Release|x64.ActiveCfg = Release|Any CPU
		{2C0CF394-63F1-4032-8791-08A7E43B222D}.Release|x64.Build.0 = Release|Any CPU
		{2C0CF394-63F1-4032-8791-08A7E43B222D}.Release|x86.ActiveCfg = Release|Any CPU
		{2C0CF394-63F1-4032-8791-08A7E43B222D}.Release|x86.Build.0 = Release|Any CPU
		{A482F40B-B74D-4FE0-9808-39BFECEEC692}.Debug|Any CPU.ActiveCfg = Debug|Any CPU
		{A482F40B-B74D-4FE0-9808-39BFECEEC692}.Debug|Any CPU.Build.0 = Debug|Any CPU
		{A482F40B-B74D-4FE0-9808-39BFECEEC692}.Debug|x64.ActiveCfg = Debug|Any CPU
		{A482F40B-B74D-4FE0-9808-39BFECEEC692}.Debug|x64.Build.0 = Debug|Any CPU
		{A482F40B-B74D-4FE0-9808-39BFECEEC692}.Debug|x86.ActiveCfg = Debug|Any CPU
		{A482F40B-B74D-4FE0-9808-39BFECEEC692}.Debug|x86.Build.0 = Debug|Any CPU
		{A482F40B-B74D-4FE0-9808-39BFECEEC692}.Release|Any CPU.ActiveCfg = Release|Any CPU
		{A482F40B-B74D-4FE0-9808-39BFECEEC692}.Release|Any CPU.Build.0 = Release|Any CPU
		{A482F40B-B74D-4FE0-9808-39BFECEEC692}.Release|x64.ActiveCfg = Release|Any CPU
		{A482F40B-B74D-4FE0-9808-39BFECEEC692}.Release|x64.Build.0 = Release|Any CPU
		{A482F40B-B74D-4FE0-9808-39BFECEEC692}.Release|x86.ActiveCfg = Release|Any CPU
		{A482F40B-B74D-4FE0-9808-39BFECEEC692}.Release|x86.Build.0 = Release|Any CPU
		{A98E503A-0FA5-45AE-A1E3-141615AD27F9}.Debug|Any CPU.ActiveCfg = Debug|Any CPU
		{A98E503A-0FA5-45AE-A1E3-141615AD27F9}.Debug|Any CPU.Build.0 = Debug|Any CPU
		{A98E503A-0FA5-45AE-A1E3-141615AD27F9}.Debug|x64.ActiveCfg = Debug|Any CPU
		{A98E503A-0FA5-45AE-A1E3-141615AD27F9}.Debug|x64.Build.0 = Debug|Any CPU
		{A98E503A-0FA5-45AE-A1E3-141615AD27F9}.Debug|x86.ActiveCfg = Debug|Any CPU
		{A98E503A-0FA5-45AE-A1E3-141615AD27F9}.Debug|x86.Build.0 = Debug|Any CPU
		{A98E503A-0FA5-45AE-A1E3-141615AD27F9}.Release|Any CPU.ActiveCfg = Release|Any CPU
		{A98E503A-0FA5-45AE-A1E3-141615AD27F9}.Release|Any CPU.Build.0 = Release|Any CPU
		{A98E503A-0FA5-45AE-A1E3-141615AD27F9}.Release|x64.ActiveCfg = Release|Any CPU
		{A98E503A-0FA5-45AE-A1E3-141615AD27F9}.Release|x64.Build.0 = Release|Any CPU
		{A98E503A-0FA5-45AE-A1E3-141615AD27F9}.Release|x86.ActiveCfg = Release|Any CPU
		{A98E503A-0FA5-45AE-A1E3-141615AD27F9}.Release|x86.Build.0 = Release|Any CPU
		{8EE5A0DE-D68A-45F6-A191-10E950212229}.Debug|Any CPU.ActiveCfg = Debug|Any CPU
		{8EE5A0DE-D68A-45F6-A191-10E950212229}.Debug|Any CPU.Build.0 = Debug|Any CPU
		{8EE5A0DE-D68A-45F6-A191-10E950212229}.Debug|x64.ActiveCfg = Debug|Any CPU
		{8EE5A0DE-D68A-45F6-A191-10E950212229}.Debug|x64.Build.0 = Debug|Any CPU
		{8EE5A0DE-D68A-45F6-A191-10E950212229}.Debug|x86.ActiveCfg = Debug|Any CPU
		{8EE5A0DE-D68A-45F6-A191-10E950212229}.Debug|x86.Build.0 = Debug|Any CPU
		{8EE5A0DE-D68A-45F6-A191-10E950212229}.Release|Any CPU.ActiveCfg = Release|Any CPU
		{8EE5A0DE-D68A-45F6-A191-10E950212229}.Release|Any CPU.Build.0 = Release|Any CPU
		{8EE5A0DE-D68A-45F6-A191-10E950212229}.Release|x64.ActiveCfg = Release|Any CPU
		{8EE5A0DE-D68A-45F6-A191-10E950212229}.Release|x64.Build.0 = Release|Any CPU
		{8EE5A0DE-D68A-45F6-A191-10E950212229}.Release|x86.ActiveCfg = Release|Any CPU
		{8EE5A0DE-D68A-45F6-A191-10E950212229}.Release|x86.Build.0 = Release|Any CPU
		{A860EF8B-0E39-4519-BCE4-CC7B23A87AC0}.Debug|Any CPU.ActiveCfg = Debug|Any CPU
		{A860EF8B-0E39-4519-BCE4-CC7B23A87AC0}.Debug|Any CPU.Build.0 = Debug|Any CPU
		{A860EF8B-0E39-4519-BCE4-CC7B23A87AC0}.Debug|x64.ActiveCfg = Debug|Any CPU
		{A860EF8B-0E39-4519-BCE4-CC7B23A87AC0}.Debug|x64.Build.0 = Debug|Any CPU
		{A860EF8B-0E39-4519-BCE4-CC7B23A87AC0}.Debug|x86.ActiveCfg = Debug|Any CPU
		{A860EF8B-0E39-4519-BCE4-CC7B23A87AC0}.Debug|x86.Build.0 = Debug|Any CPU
		{A860EF8B-0E39-4519-BCE4-CC7B23A87AC0}.Release|Any CPU.ActiveCfg = Release|Any CPU
		{A860EF8B-0E39-4519-BCE4-CC7B23A87AC0}.Release|Any CPU.Build.0 = Release|Any CPU
		{A860EF8B-0E39-4519-BCE4-CC7B23A87AC0}.Release|x64.ActiveCfg = Release|Any CPU
		{A860EF8B-0E39-4519-BCE4-CC7B23A87AC0}.Release|x64.Build.0 = Release|Any CPU
		{A860EF8B-0E39-4519-BCE4-CC7B23A87AC0}.Release|x86.ActiveCfg = Release|Any CPU
		{A860EF8B-0E39-4519-BCE4-CC7B23A87AC0}.Release|x86.Build.0 = Release|Any CPU
		{286B7DAE-EE39-4316-AF43-28FB9FAB7474}.Debug|Any CPU.ActiveCfg = Debug|Any CPU
		{286B7DAE-EE39-4316-AF43-28FB9FAB7474}.Debug|Any CPU.Build.0 = Debug|Any CPU
		{286B7DAE-EE39-4316-AF43-28FB9FAB7474}.Debug|x64.ActiveCfg = Debug|Any CPU
		{286B7DAE-EE39-4316-AF43-28FB9FAB7474}.Debug|x64.Build.0 = Debug|Any CPU
		{286B7DAE-EE39-4316-AF43-28FB9FAB7474}.Debug|x86.ActiveCfg = Debug|Any CPU
		{286B7DAE-EE39-4316-AF43-28FB9FAB7474}.Debug|x86.Build.0 = Debug|Any CPU
		{286B7DAE-EE39-4316-AF43-28FB9FAB7474}.Release|Any CPU.ActiveCfg = Release|Any CPU
		{286B7DAE-EE39-4316-AF43-28FB9FAB7474}.Release|Any CPU.Build.0 = Release|Any CPU
		{286B7DAE-EE39-4316-AF43-28FB9FAB7474}.Release|x64.ActiveCfg = Release|Any CPU
		{286B7DAE-EE39-4316-AF43-28FB9FAB7474}.Release|x64.Build.0 = Release|Any CPU
		{286B7DAE-EE39-4316-AF43-28FB9FAB7474}.Release|x86.ActiveCfg = Release|Any CPU
		{286B7DAE-EE39-4316-AF43-28FB9FAB7474}.Release|x86.Build.0 = Release|Any CPU
		{749A5296-FC51-45BD-8729-5FA3C3D48D1A}.Debug|Any CPU.ActiveCfg = Debug|Any CPU
		{749A5296-FC51-45BD-8729-5FA3C3D48D1A}.Debug|Any CPU.Build.0 = Debug|Any CPU
		{749A5296-FC51-45BD-8729-5FA3C3D48D1A}.Debug|x64.ActiveCfg = Debug|Any CPU
		{749A5296-FC51-45BD-8729-5FA3C3D48D1A}.Debug|x64.Build.0 = Debug|Any CPU
		{749A5296-FC51-45BD-8729-5FA3C3D48D1A}.Debug|x86.ActiveCfg = Debug|Any CPU
		{749A5296-FC51-45BD-8729-5FA3C3D48D1A}.Debug|x86.Build.0 = Debug|Any CPU
		{749A5296-FC51-45BD-8729-5FA3C3D48D1A}.Release|Any CPU.ActiveCfg = Release|Any CPU
		{749A5296-FC51-45BD-8729-5FA3C3D48D1A}.Release|Any CPU.Build.0 = Release|Any CPU
		{749A5296-FC51-45BD-8729-5FA3C3D48D1A}.Release|x64.ActiveCfg = Release|Any CPU
		{749A5296-FC51-45BD-8729-5FA3C3D48D1A}.Release|x64.Build.0 = Release|Any CPU
		{749A5296-FC51-45BD-8729-5FA3C3D48D1A}.Release|x86.ActiveCfg = Release|Any CPU
		{749A5296-FC51-45BD-8729-5FA3C3D48D1A}.Release|x86.Build.0 = Release|Any CPU
		{FBFA2600-97A0-43E8-9579-FCD9C72431D9}.Debug|Any CPU.ActiveCfg = Debug|Any CPU
		{FBFA2600-97A0-43E8-9579-FCD9C72431D9}.Debug|Any CPU.Build.0 = Debug|Any CPU
		{FBFA2600-97A0-43E8-9579-FCD9C72431D9}.Debug|x64.ActiveCfg = Debug|Any CPU
		{FBFA2600-97A0-43E8-9579-FCD9C72431D9}.Debug|x64.Build.0 = Debug|Any CPU
		{FBFA2600-97A0-43E8-9579-FCD9C72431D9}.Debug|x86.ActiveCfg = Debug|Any CPU
		{FBFA2600-97A0-43E8-9579-FCD9C72431D9}.Debug|x86.Build.0 = Debug|Any CPU
		{FBFA2600-97A0-43E8-9579-FCD9C72431D9}.Release|Any CPU.ActiveCfg = Release|Any CPU
		{FBFA2600-97A0-43E8-9579-FCD9C72431D9}.Release|Any CPU.Build.0 = Release|Any CPU
		{FBFA2600-97A0-43E8-9579-FCD9C72431D9}.Release|x64.ActiveCfg = Release|Any CPU
		{FBFA2600-97A0-43E8-9579-FCD9C72431D9}.Release|x64.Build.0 = Release|Any CPU
		{FBFA2600-97A0-43E8-9579-FCD9C72431D9}.Release|x86.ActiveCfg = Release|Any CPU
		{FBFA2600-97A0-43E8-9579-FCD9C72431D9}.Release|x86.Build.0 = Release|Any CPU
		{518BF09A-6CF5-44DE-B077-D4A55E08B500}.Debug|Any CPU.ActiveCfg = Debug|Any CPU
		{518BF09A-6CF5-44DE-B077-D4A55E08B500}.Debug|Any CPU.Build.0 = Debug|Any CPU
		{518BF09A-6CF5-44DE-B077-D4A55E08B500}.Debug|x64.ActiveCfg = Debug|Any CPU
		{518BF09A-6CF5-44DE-B077-D4A55E08B500}.Debug|x64.Build.0 = Debug|Any CPU
		{518BF09A-6CF5-44DE-B077-D4A55E08B500}.Debug|x86.ActiveCfg = Debug|Any CPU
		{518BF09A-6CF5-44DE-B077-D4A55E08B500}.Debug|x86.Build.0 = Debug|Any CPU
		{518BF09A-6CF5-44DE-B077-D4A55E08B500}.Release|Any CPU.ActiveCfg = Release|Any CPU
		{518BF09A-6CF5-44DE-B077-D4A55E08B500}.Release|Any CPU.Build.0 = Release|Any CPU
		{518BF09A-6CF5-44DE-B077-D4A55E08B500}.Release|x64.ActiveCfg = Release|Any CPU
		{518BF09A-6CF5-44DE-B077-D4A55E08B500}.Release|x64.Build.0 = Release|Any CPU
		{518BF09A-6CF5-44DE-B077-D4A55E08B500}.Release|x86.ActiveCfg = Release|Any CPU
		{518BF09A-6CF5-44DE-B077-D4A55E08B500}.Release|x86.Build.0 = Release|Any CPU
		{239A50DD-F3FC-4A8F-9E1D-7B7DFAAF654D}.Debug|Any CPU.ActiveCfg = Debug|Any CPU
		{239A50DD-F3FC-4A8F-9E1D-7B7DFAAF654D}.Debug|Any CPU.Build.0 = Debug|Any CPU
		{239A50DD-F3FC-4A8F-9E1D-7B7DFAAF654D}.Debug|x64.ActiveCfg = Debug|Any CPU
		{239A50DD-F3FC-4A8F-9E1D-7B7DFAAF654D}.Debug|x64.Build.0 = Debug|Any CPU
		{239A50DD-F3FC-4A8F-9E1D-7B7DFAAF654D}.Debug|x86.ActiveCfg = Debug|Any CPU
		{239A50DD-F3FC-4A8F-9E1D-7B7DFAAF654D}.Debug|x86.Build.0 = Debug|Any CPU
		{239A50DD-F3FC-4A8F-9E1D-7B7DFAAF654D}.Release|Any CPU.ActiveCfg = Release|Any CPU
		{239A50DD-F3FC-4A8F-9E1D-7B7DFAAF654D}.Release|Any CPU.Build.0 = Release|Any CPU
		{239A50DD-F3FC-4A8F-9E1D-7B7DFAAF654D}.Release|x64.ActiveCfg = Release|Any CPU
		{239A50DD-F3FC-4A8F-9E1D-7B7DFAAF654D}.Release|x64.Build.0 = Release|Any CPU
		{239A50DD-F3FC-4A8F-9E1D-7B7DFAAF654D}.Release|x86.ActiveCfg = Release|Any CPU
		{239A50DD-F3FC-4A8F-9E1D-7B7DFAAF654D}.Release|x86.Build.0 = Release|Any CPU
	EndGlobalSection
	GlobalSection(SolutionProperties) = preSolution
		HideSolutionNode = FALSE
	EndGlobalSection
	GlobalSection(NestedProjects) = preSolution
		{027758B0-D393-4309-822B-B0CF8ADC2AFC} = {2641BADD-98C1-4CFD-A0F4-56D0C2AD74D0}
		{3309849A-A09C-4105-BB4A-1FB5A21EEFF9} = {2641BADD-98C1-4CFD-A0F4-56D0C2AD74D0}
		{650E6AB3-72B6-4A43-B2EE-7D9DA6951329} = {2641BADD-98C1-4CFD-A0F4-56D0C2AD74D0}
		{A43A0C60-3665-4376-92B9-5FFF4A80911A} = {2641BADD-98C1-4CFD-A0F4-56D0C2AD74D0}
		{2C0CF394-63F1-4032-8791-08A7E43B222D} = {2641BADD-98C1-4CFD-A0F4-56D0C2AD74D0}
		{A482F40B-B74D-4FE0-9808-39BFECEEC692} = {2641BADD-98C1-4CFD-A0F4-56D0C2AD74D0}
		{A98E503A-0FA5-45AE-A1E3-141615AD27F9} = {2641BADD-98C1-4CFD-A0F4-56D0C2AD74D0}
		{8EE5A0DE-D68A-45F6-A191-10E950212229} = {2641BADD-98C1-4CFD-A0F4-56D0C2AD74D0}
		{A860EF8B-0E39-4519-BCE4-CC7B23A87AC0} = {2641BADD-98C1-4CFD-A0F4-56D0C2AD74D0}
		{286B7DAE-EE39-4316-AF43-28FB9FAB7474} = {F7CE7D56-263A-40FA-918C-CC28E9BC64E7}
		{749A5296-FC51-45BD-8729-5FA3C3D48D1A} = {33B5892E-A9AB-4F48-9531-74C2E1741D4D}
		{FBFA2600-97A0-43E8-9579-FCD9C72431D9} = {33B5892E-A9AB-4F48-9531-74C2E1741D4D}
		{518BF09A-6CF5-44DE-B077-D4A55E08B500} = {33B5892E-A9AB-4F48-9531-74C2E1741D4D}
		{239A50DD-F3FC-4A8F-9E1D-7B7DFAAF654D} = {F7CE7D56-263A-40FA-918C-CC28E9BC64E7}
	EndGlobalSection
	GlobalSection(ExtensibilityGlobals) = postSolution
		SolutionGuid = {FA6EE7C3-ACC3-44DE-963E-E39213C90EF4}
	EndGlobalSection
EndGlobal
